# THIS IS AN AUTOGENERATED FILE. DO NOT EDIT THIS FILE DIRECTLY.
# yarn lockfile v1


"@eslint-community/eslint-utils@^4.9.1":
  version "4.9.1"
  resolved "https://registry.yarnpkg.com/@eslint-community/eslint-utils/-/eslint-utils-4.9.1.tgz#4e90af67bc51ddee6cdef5284edf572ec376b595"
  integrity sha512-phrYmNiYppR7znFEdqgfWHXR6NCkZEK7hwWDHZUjit/2/U0r6XvkDl0SYnoM51Hq7FhCGdLDT6zxCCOY1hexsQ==
  dependencies:
    eslint-visitor-keys "^3.4.3"

"@eslint-community/regexpp@^4.12.2":
  version "4.12.2"
  resolved "https://registry.yarnpkg.com/@eslint-community/regexpp/-/regexpp-4.12.2.tgz#bccdf615bcf7b6e8db830ec0b8d21c9a25de597b"
  integrity sha512-EriSTlt5OC9/7SXkRSCAhfSxxoSUgBm33OH+IkwbdpgoqsSsUg7y3uh+IICI/Qg4BBWr3U2i39RpmycbxMq4ew==

"@eslint/js@^9.x":
  version "9.39.4"
  resolved "https://registry.yarnpkg.com/@eslint/js/-/js-9.39.4.tgz#a3f83bfc6fd9bf33a853dfacd0b49b398eb596c1"
  integrity sha512-nE7DEIchvtiFTwBw4Lfbu59PG+kCofhjsKaCWzxTpt4lfRjRMqG6uMBzKXuEcyXhOHoUp9riAm7/aWYGhXZ9cw==

"@typescript-eslint/eslint-plugin@8.59.3":
  version "8.59.3"
  resolved "https://registry.yarnpkg.com/@typescript-eslint/eslint-plugin/-/eslint-plugin-8.59.3.tgz#5d6da7e7b236b46452fa00d3904bb6f59615bfde"
  integrity sha512-PwFvSKsXGShKGW6n5bZOhGHEcCZXM8HofLK9fNsEwZXzFRjoY+XT1Vsf1zgyXdwTr0ZYz1/2tkZ0DBTT9jZjhw==
  dependencies:
    "@eslint-community/regexpp" "^4.12.2"
    "@typescript-eslint/scope-manager" "8.59.3"
    "@typescript-eslint/type-utils" "8.59.3"
    "@typescript-eslint/utils" "8.59.3"
    "@typescript-eslint/visitor-keys" "8.59.3"
    ignore "^7.0.5"
    natural-compare "^1.4.0"
    ts-api-utils "^2.5.0"

"@typescript-eslint/parser@8.59.3":
  version "8.59.3"
  resolved "https://registry.yarnpkg.com/@typescript-eslint/parser/-/parser-8.59.3.tgz#f46cbc70ae0a25119ef94eac9ecd46714788e1a1"
  integrity sha512-HPwA+hVkfcriajbNvTmZv4VRauibay+cWArYUYq7u7W7PmGShMxbPxLvrwDme55a6d5alG3nrYfhyJ/G28XlLg==
  dependencies:
    "@typescript-eslint/scope-manager" "8.59.3"
    "@typescript-eslint/types" "8.59.3"
    "@typescript-eslint/typescript-estree" "8.59.3"
    "@typescript-eslint/visitor-keys" "8.59.3"
    debug "^4.4.3"

"@typescript-eslint/project-service@8.59.3":
  version "8.59.3"
  resolved "https://registry.yarnpkg.com/@typescript-eslint/project-service/-/project-service-8.59.3.tgz#1be5ae152aad987a156c9a1a9b4256e75cfbbe0c"
  integrity sha512-ECiUWa/KYRGDFUqTNehaRgzDshnJfkTABJxVemHk4ko22gcr0ukloKjWvyQ64g8YCV/UI47kN1dbmjf/GaQYng==
  dependencies:
    "@typescript-eslint/tsconfig-utils" "^8.59.3"
    "@typescript-eslint/types" "^8.59.3"
    debug "^4.4.3"

"@typescript-eslint/scope-manager@8.59.3":
  version "8.59.3"
  resolved "https://registry.yarnpkg.com/@typescript-eslint/scope-manager/-/scope-manager-8.59.3.tgz#91a60f66803fe9dae0696fbab2451f5723f119d2"
  integrity sha512-t2LvZnoEfzKtnPjgeEu41xw5gxq9mQVfYy4OoZ4Vlt0sk3JwxmhCca/AR7DwOiHrjWgjAj6as4AhRLKSDfvZIA==
  dependencies:
    "@typescript-eslint/types" "8.59.3"
    "@typescript-eslint/visitor-keys" "8.59.3"

"@typescript-eslint/tsconfig-utils@8.59.3", "@typescript-eslint/tsconfig-utils@^8.59.3":
  version "8.59.3"
  resolved "https://registry.yarnpkg.com/@typescript-eslint/tsconfig-utils/-/tsconfig-utils-8.59.3.tgz#88ca9036b42ccdd1e630cfdafd2e042c2ca6a835"
  integrity sha512-PcIJHjmaREXLgIAIzLnSY9VucEzz8FKXsRgFa1DmdGCK/5tJpW03TKJF01Q6VZd1lLdz2sIKPWaDUZN9dp//dw==

"@typescript-eslint/type-utils@8.59.3":
  version "8.59.3"
  resolved "https://registry.yarnpkg.com/@typescript-eslint/type-utils/-/type-utils-8.59.3.tgz#421fb2448bdfeb301d134a01cd02503f67fd8192"
  integrity sha512-g71d8QD8UaiHGvrJwyIS1hCX5r63w6Jll+4VEYhEAHXTDIqX1JgxhTAbEHtKntL9kuc4jRo7/GWw5xfCepSccQ==
  dependencies:
    "@typescript-eslint/types" "8.59.3"
    "@typescript-eslint/typescript-estree" "8.59.3"
    "@typescript-eslint/utils" "8.59.3"
    debug "^4.4.3"
    ts-api-utils "^2.5.0"

"@typescript-eslint/types@8.59.3", "@typescript-eslint/types@^8.59.3":
  version "8.59.3"
  resolved "https://registry.yarnpkg.com/@typescript-eslint/types/-/types-8.59.3.tgz#b7ca539c5e302fdde9a7cadb73caed107ef8f2cd"
  integrity sha512-ePFoH0g4ludssdRFqqDxQePCxU4WQyRa9+XVwjm7yLn0FKhMeoetC+qBEEI1Eyb1pGSDveTIT09Bvw2WhlGayg==

"@typescript-eslint/typescript-estree@8.59.3":
  version "8.59.3"
  resolved "https://registry.yarnpkg.com/@typescript-eslint/typescript-estree/-/typescript-estree-8.59.3.tgz#e6bb1408e00b47e431427a40268db4e86cb121ab"
  integrity sha512-CbRjVRAf7Lr9Kr8RopKcbY45p2VfmmHrm0ygOCYFi7oU8q19m0Fs/6iHS7kNOmwpp+ob07ZVcAqlxUod9lYdmg==
  dependencies:
    "@typescript-eslint/project-service" "8.59.3"
    "@typescript-eslint/tsconfig-utils" "8.59.3"
    "@typescript-eslint/types" "8.59.3"
    "@typescript-eslint/visitor-keys" "8.59.3"
    debug "^4.4.3"
    minimatch "^10.2.2"
    semver "^7.7.3"
    tinyglobby "^0.2.15"
    ts-api-utils "^2.5.0"

"@typescript-eslint/utils@8.59.3":
  version "8.59.3"
  resolved "https://registry.yarnpkg.com/@typescript-eslint/utils/-/utils-8.59.3.tgz#f693f979deb4dc3994de03ff8b23976d625c36c5"
  integrity sha512-JAvT14goBzRzzzZyqq3P9BLArIxTtQURUtFgQ/V7FO+eU+Gg6ES+5ymOPP1wRxXcxAYeivCk4uS3jCKWI1K8Zg==
  dependencies:
    "@eslint-community/eslint-utils" "^4.9.1"
    "@typescript-eslint/scope-manager" "8.59.3"
    "@typescript-eslint/types" "8.59.3"
    "@typescript-eslint/typescript-estree" "8.59.3"

"@typescript-eslint/visitor-keys@8.59.3":
  version "8.59.3"
  resolved "https://registry.yarnpkg.com/@typescript-eslint/visitor-keys/-/visitor-keys-8.59.3.tgz#820843b1b5ca4290009cf189382abcf6fe00dfa6"
  integrity sha512-f1UQF7ggd42YiwI5wGrRaPsa+P0CINBlrkLPmGfpq/u/I/oVtecoEIfFR9ag/oa1sLOsRNZ6xehf6qMZhQGBDg==
  dependencies:
    "@typescript-eslint/types" "8.59.3"
    eslint-visitor-keys "^5.0.0"

balanced-match@^4.0.2:
  version "4.0.4"
  resolved "https://registry.yarnpkg.com/balanced-match/-/balanced-match-4.0.4.tgz#bfb10662feed8196a2c62e7c68e17720c274179a"
  integrity sha512-BLrgEcRTwX2o6gGxGOCNyMvGSp35YofuYzw9h1IMTRmKqttAZZVU67bdb9Pr2vUHA8+j3i2tJfjO6C6+4myGTA==

brace-expansion@^5.0.5:
  version "5.0.6"
  resolved "https://registry.yarnpkg.com/brace-expansion/-/brace-expansion-5.0.6.tgz#ec68fe0a641a29d8711579caf641d05bae1f2285"
  integrity sha512-kLpxurY4Z4r9sgMsyG0Z9uzsBlgiU/EFKhj/h91/8yHu0edo7XuixOIH3VcJ8kkxs6/jPzoI6U9Vj3WqbMQ94g==
  dependencies:
    balanced-match "^4.0.2"

debug@^4.4.3:
  version "4.4.3"
  resolved "https://registry.yarnpkg.com/debug/-/debug-4.4.3.tgz#c6ae432d9bd9662582fce08709b038c58e9e3d6a"
  integrity sha512-RGwwWnwQvkVfavKVt22FGLw+xYSdzARwm0ru6DhTVA3umU5hZc28V3kO4stgYryrTlLpuvgI9GiijltAjNbcqA==
  dependencies:
    ms "^2.1.3"

eslint-visitor-keys@^3.4.3:
  version "3.4.3"
  resolved "https://registry.yarnpkg.com/eslint-visitor-keys/-/eslint-visitor-keys-3.4.3.tgz#0cd72fe8550e3c2eae156a96a4dddcd1c8ac5800"
  integrity sha512-wpc+LXeiyiisxPlEkUzU6svyS1frIO3Mgxj1fdy7Pm8Ygzguax2N3Fa/D/ag1WqbOprdI+uY6wMUl8/a2G+iag==

eslint-visitor-keys@^5.0.0:
  version "5.0.1"
  resolved "https://registry.yarnpkg.com/eslint-visitor-keys/-/eslint-visitor-keys-5.0.1.tgz#9e3c9489697824d2d4ce3a8ad12628f91e9f59be"
  integrity sha512-tD40eHxA35h0PEIZNeIjkHoDR4YjjJp34biM0mDvplBe//mB+IHCqHDGV7pxF+7MklTvighcCPPZC7ynWyjdTA==

fdir@^6.5.0:
  version "6.5.0"
  resolved "https://registry.yarnpkg.com/fdir/-/fdir-6.5.0.tgz#ed2ab967a331ade62f18d077dae192684d50d350"
  integrity sha512-tIbYtZbucOs0BRGqPJkshJUYdL+SDH7dVM8gjy+ERp3WAUjLEFJE+02kanyHtwjWOnwrKYBiwAmM0p4kLJAnXg==

ignore@^7.0.5:
  version "7.0.5"
  resolved "https://registry.yarnpkg.com/ignore/-/ignore-7.0.5.tgz#4cb5f6cd7d4c7ab0365738c7aea888baa6d7efd9"
  integrity sha512-Hs59xBNfUIunMFgWAbGX5cq6893IbWg4KnrjbYwX3tx0ztorVgTDA6B2sxf8ejHJ4wz8BqGUMYlnzNBer5NvGg==

minimatch@^10.2.2:
  version "10.2.5"
  resolved "https://registry.yarnpkg.com/minimatch/-/minimatch-10.2.5.tgz#bd48687a0be38ed2961399105600f832095861d1"
  integrity sha512-MULkVLfKGYDFYejP07QOurDLLQpcjk7Fw+7jXS2R2czRQzR56yHRveU5NDJEOviH+hETZKSkIk5c+T23GjFUMg==
  dependencies:
    brace-expansion "^5.0.5"

ms@^2.1.3:
  version "2.1.3"
  resolved "https://registry.yarnpkg.com/ms/-/ms-2.1.3.tgz#574c8138ce1d2b5861f0b44579dbadd60c6615b2"
  integrity sha512-6FlzubTLZG3J2a/NVCAleEhjzq5oxgHyaCU9yYXvcLsvoVaHJq/s5xXI6/XXP6tz7R9xAOtHnSO/tXtF3WRTlA==

natural-compare@^1.4.0:
  version "1.4.0"
  resolved "https://registry.yarnpkg.com/natural-compare/-/natural-compare-1.4.0.tgz#4abebfeed7541f2c27acfb29bdbbd15c8d5ba4f7"
  integrity sha512-OWND8ei3VtNC9h7V60qff3SVobHr996CTwgxubgyQYEpg290h9J0buyECNNJexkFm5sOajh5G116RYA1c8ZMSw==

picomatch@^4.0.4:
  version "4.0.4"
  resolved "https://registry.yarnpkg.com/picomatch/-/picomatch-4.0.4.tgz#fd6f5e00a143086e074dffe4c924b8fb293b0589"
  integrity sha512-QP88BAKvMam/3NxH6vj2o21R6MjxZUAd6nlwAS/pnGvN9IVLocLHxGYIzFhg6fUQ+5th6P4dv4eW9jX3DSIj7A==

qrcode-terminal@^0.12.0:
  version "0.12.0"
  resolved "https://registry.yarnpkg.com/qrcode-terminal/-/qrcode-terminal-0.12.0.tgz#bb5b699ef7f9f0505092a3748be4464fe71b5819"
  integrity sha512-EXtzRZmC+YGmGlDFbXKxQiMZNwCLEO6BANKXG4iCtSIM0yqc/pappSx3RIKr4r0uh5JsBckOXeKrB3Iz7mdQpQ==

semver@^7.7.3:
  version "7.8.0"
  resolved "https://registry.yarnpkg.com/semver/-/semver-7.8.0.tgz#ed0661039fcbcda2ce71f01fa6adbefaa77040df"
  integrity sha512-AcM7dV/5ul4EekoQ29Agm5vri8JNqRyj39o0qpX6vDF2GZrtutZl5RwgD1XnZjiTAfncsJhMI48QQH3sN87YNA==

tinyglobby@^0.2.15:
  version "0.2.16"
  resolved "https://registry.yarnpkg.com/tinyglobby/-/tinyglobby-0.2.16.tgz#1c3b7eb953fce42b226bc5a1ee06428281aff3d6"
  integrity sha512-pn99VhoACYR8nFHhxqix+uvsbXineAasWm5ojXoN8xEwK5Kd3/TrhNn1wByuD52UxWRLy8pu+kRMniEi6Eq9Zg==
  dependencies:
    fdir "^6.5.0"
    picomatch "^4.0.4"

ts-api-utils@^2.5.0:
  version "2.5.0"
  resolved "https://registry.yarnpkg.com/ts-api-utils/-/ts-api-utils-2.5.0.tgz#4acd4a155e22734990a5ed1fe9e97f113bcb37c1"
  integrity sha512-OJ/ibxhPlqrMM0UiNHJ/0CKQkoKF243/AEmplt3qpRgkW8VG7IfOS41h7V8TjITqdByHzrjcS/2si+y4lIh8NA==

typescript-eslint@^8.x:
  version "8.59.3"
  resolved "https://registry.yarnpkg.com/typescript-eslint/-/typescript-eslint-8.59.3.tgz#4a41d9007faa539a66292189e2795eeb0b9fca29"
  integrity sha512-KgusgyDgG4LI8Ih/sWaCtZ06tckLAS5CvT5A4D1Q7bYVoAAyzwiZvE4BmwDHkhRVkvhRBepKeASoFzQetha7Fg==
  dependencies:
    "@typescript-eslint/eslint-plugin" "8.59.3"
    "@typescript-eslint/parser" "8.59.3"
    "@typescript-eslint/typescript-estree" "8.59.3"
    "@typescript-eslint/utils" "8.59.3"

ws@^8.18.0:
  version "8.20.1"
  resolved "https://registry.yarnpkg.com/ws/-/ws-8.20.1.tgz#91a9ae2b312ccf98e0a85ec499b48cef45ab0ddb"
  integrity sha512-It4dO0K5v//JtTXuPkfEOaI3uUN87iYPnqo/ZzqCoG3g8uhA66QUMs/SrM0YK7/NAu+r4LMh/9dq2A7k+rHs+w==

yaml@^2.8.2:
  version "2.9.0"
  resolved "https://registry.yarnpkg.com/yaml/-/yaml-2.9.0.tgz#78274afd93598a1dfdd6130df6a566defcbf9aa4"
  integrity sha512-2AvhNX3mb8zd6Zy7INTtSpl1F15HW6Wnqj0srWlkKLcpYl/gMIMJiyuGq2KeI2YFxUPjdlB+3Lc10seMLtL4cA==
